
Microsoft Visual Studio Solution File, Format Version 12.00
# Visual Studio 2015
Project("{FAE04EC0-301F-11D3-BF4B-00C04F79EFBC}") = "OOAD3.CSharp", "OOAD3.CSharp.csproj", "{7CFC6028-7710-2DF9-431C-B5D35A70F2DB}"
EndProject
Project("{FAE04EC0-301F-11D3-BF4B-00C04F79EFBC}") = "OOAD3.CSharp.Editor", "OOAD3.CSharp.Editor.csproj", "{402C4E2B-4D12-3756-C6BA-07F0442E6698}"
EndProject
Global
	GlobalSection(SolutionConfigurationPlatforms) = preSolution
		Debug|Any CPU = Debug|Any CPU
		Release|Any CPU = Release|Any CPU
	EndGlobalSection
	GlobalSection(ProjectConfigurationPlatforms) = postSolution
		{7CFC6028-7710-2DF9-431C-B5D35A70F2DB}.Debug|Any CPU.ActiveCfg = Debug|Any CPU
		{7CFC6028-7710-2DF9-431C-B5D35A70F2DB}.Debug|Any CPU.Build.0 = Debug|Any CPU
		{7CFC6028-7710-2DF9-431C-B5D35A70F2DB}.Release|Any CPU.ActiveCfg = Release|Any CPU
		{7CFC6028-7710-2DF9-431C-B5D35A70F2DB}.Release|Any CPU.Build.0 = Release|Any CPU
		{402C4E2B-4D12-3756-C6BA-07F0442E6698}.Debug|Any CPU.ActiveCfg = Debug|Any CPU
		{402C4E2B-4D12-3756-C6BA-07F0442E6698}.Debug|Any CPU.Build.0 = Debug|Any CPU
		{402C4E2B-4D12-3756-C6BA-07F0442E6698}.Release|Any CPU.ActiveCfg = Release|Any CPU
		{402C4E2B-4D12-3756-C6BA-07F0442E6698}.Release|Any CPU.Build.0 = Release|Any CPU
	EndGlobalSection
	GlobalSection(SolutionProperties) = preSolution
		HideSolutionNode = FALSE
	EndGlobalSection
EndGlobal
